
Microsoft Visual Studio Solution File, Format Version 12.00
# Visual Studio Version 16
VisualStudioVersion = 16.0.31313.79
MinimumVisualStudioVersion = 10.0.40219.1
Project("{9A19103F-16F7-4668-BE54-9A1E7A4F7556}") = "test", "test.csproj", "{2C2EECF4-BC0C-45A7-B996-55EA0241FDDF}"
EndProject
Global
	GlobalSection(SolutionConfigurationPlatforms) = preSolution
		Debug|Any CPU = Debug|Any CPU
		Release|Any CPU = Release|Any CPU
	EndGlobalSection
	GlobalSection(ProjectConfigurationPlatforms) = postSolution
		{2C2EECF4-BC0C-45A7-B996-55EA0241FDDF}.Debug|Any CPU.ActiveCfg = Debug|Any CPU
		{2C2EECF4-BC0C-45A7-B996-55EA0241FDDF}.Debug|Any CPU.Build.0 = Debug|Any CPU
		{2C2EECF4-BC0C-45A7-B996-55EA0241FDDF}.Release|Any CPU.ActiveCfg = Release|Any CPU
		{2C2EECF4-BC0C-45A7-B996-55EA0241FDDF}.Release|Any CPU.Build.0 = Release|Any CPU
	EndGlobalSection
	GlobalSection(SolutionProperties) = preSolution
		HideSolutionNode = FALSE
	EndGlobalSection
	GlobalSection(ExtensibilityGlobals) = postSolution
		SolutionGuid = {1CFEFBA3-3AB5-43C8-8757-C380AF3A570D}
	EndGlobalSection
EndGlobal
